
Microsoft Visual Studio Solution File, Format Version 12.00
# Visual Studio 15
Project("{FAE04EC0-301F-11D3-BF4B-00C04F79EFBC}") = "UniRx", "UniRx.csproj", "{67F73942-6B15-6682-0D80-C8C87D32AFF9}"
EndProject
Project("{FAE04EC0-301F-11D3-BF4B-00C04F79EFBC}") = "UniRx.Examples", "UniRx.Examples.csproj", "{919C504A-0DA7-204A-3EEA-F89FC7A47D48}"
EndProject
Project("{FAE04EC0-301F-11D3-BF4B-00C04F79EFBC}") = "Assembly-CSharp", "Assembly-CSharp.csproj", "{133418C1-7A30-FD98-189C-F09F598006E1}"
EndProject
Global
	GlobalSection(SolutionConfigurationPlatforms) = preSolution
		Debug|Any CPU = Debug|Any CPU
		Release|Any CPU = Release|Any CPU
	EndGlobalSection
	GlobalSection(ProjectConfigurationPlatforms) = postSolution
		{67F73942-6B15-6682-0D80-C8C87D32AFF9}.Debug|Any CPU.ActiveCfg = Debug|Any CPU
		{67F73942-6B15-6682-0D80-C8C87D32AFF9}.Debug|Any CPU.Build.0 = Debug|Any CPU
		{67F73942-6B15-6682-0D80-C8C87D32AFF9}.Release|Any CPU.ActiveCfg = Release|Any CPU
		{67F73942-6B15-6682-0D80-C8C87D32AFF9}.Release|Any CPU.Build.0 = Release|Any CPU
		{919C504A-0DA7-204A-3EEA-F89FC7A47D48}.Debug|Any CPU.ActiveCfg = Debug|Any CPU
		{919C504A-0DA7-204A-3EEA-F89FC7A47D48}.Debug|Any CPU.Build.0 = Debug|Any CPU
		{919C504A-0DA7-204A-3EEA-F89FC7A47D48}.Release|Any CPU.ActiveCfg = Release|Any CPU
		{919C504A-0DA7-204A-3EEA-F89FC7A47D48}.Release|Any CPU.Build.0 = Release|Any CPU
		{133418C1-7A30-FD98-189C-F09F598006E1}.Debug|Any CPU.ActiveCfg = Debug|Any CPU
		{133418C1-7A30-FD98-189C-F09F598006E1}.Debug|Any CPU.Build.0 = Debug|Any CPU
		{133418C1-7A30-FD98-189C-F09F598006E1}.Release|Any CPU.ActiveCfg = Release|Any CPU
		{133418C1-7A30-FD98-189C-F09F598006E1}.Release|Any CPU.Build.0 = Release|Any CPU
	EndGlobalSection
	GlobalSection(SolutionProperties) = preSolution
		HideSolutionNode = FALSE
	EndGlobalSection
EndGlobal
